
Microsoft Visual Studio Solution File, Format Version 12.00
# Visual Studio 15
VisualStudioVersion = 15.0.28010.2003
MinimumVisualStudioVersion = 10.0.40219.1
Project("{FAE04EC0-301F-11D3-BF4B-00C04F79EFBC}") = "MVC.Sorveteria", "MVC.Sorveteria\MVC.Sorveteria.csproj", "{FDA8BE39-DEAB-467B-BCF7-4C109C058C14}"
EndProject
Global
	GlobalSection(SolutionConfigurationPlatforms) = preSolution
		Debug|Any CPU = Debug|Any CPU
		Release|Any CPU = Release|Any CPU
	EndGlobalSection
	GlobalSection(ProjectConfigurationPlatforms) = postSolution
		{FDA8BE39-DEAB-467B-BCF7-4C109C058C14}.Debug|Any CPU.ActiveCfg = Debug|Any CPU
		{FDA8BE39-DEAB-467B-BCF7-4C109C058C14}.Debug|Any CPU.Build.0 = Debug|Any CPU
		{FDA8BE39-DEAB-467B-BCF7-4C109C058C14}.Release|Any CPU.ActiveCfg = Release|Any CPU
		{FDA8BE39-DEAB-467B-BCF7-4C109C058C14}.Release|Any CPU.Build.0 = Release|Any CPU
	EndGlobalSection
	GlobalSection(SolutionProperties) = preSolution
		HideSolutionNode = FALSE
	EndGlobalSection
	GlobalSection(ExtensibilityGlobals) = postSolution
		SolutionGuid = {E9B2BBCD-BF73-4161-8486-DA8F16E4EB09}
	EndGlobalSection
EndGlobal
